
Microsoft Visual Studio Solution File, Format Version 12.00
# Visual Studio Version 16
VisualStudioVersion = 16.0.30413.136
MinimumVisualStudioVersion = 10.0.40219.1
Project("{FAE04EC0-301F-11D3-BF4B-00C04F79EFBC}") = "BackEndProyecto", "BackEndProyecto\BackEndProyecto.csproj", "{DB5968F2-778E-41FA-BFAD-81C357C25C41}"
EndProject
Global
	GlobalSection(SolutionConfigurationPlatforms) = preSolution
		Debug|Any CPU = Debug|Any CPU
		Release|Any CPU = Release|Any CPU
	EndGlobalSection
	GlobalSection(ProjectConfigurationPlatforms) = postSolution
		{DB5968F2-778E-41FA-BFAD-81C357C25C41}.Debug|Any CPU.ActiveCfg = Debug|Any CPU
		{DB5968F2-778E-41FA-BFAD-81C357C25C41}.Debug|Any CPU.Build.0 = Debug|Any CPU
		{DB5968F2-778E-41FA-BFAD-81C357C25C41}.Release|Any CPU.ActiveCfg = Release|Any CPU
		{DB5968F2-778E-41FA-BFAD-81C357C25C41}.Release|Any CPU.Build.0 = Release|Any CPU
	EndGlobalSection
	GlobalSection(SolutionProperties) = preSolution
		HideSolutionNode = FALSE
	EndGlobalSection
	GlobalSection(ExtensibilityGlobals) = postSolution
		SolutionGuid = {844902FA-8929-4D06-8EC0-5D2F9B2A0960}
	EndGlobalSection
EndGlobal
